
Microsoft Visual Studio Solution File, Format Version 12.00
# Visual Studio Version 17
VisualStudioVersion = 17.3.32922.545
MinimumVisualStudioVersion = 10.0.40219.1
Project("{FAE04EC0-301F-11D3-BF4B-00C04F79EFBC}") = "Invoker", "Invoker\Invoker.csproj", "{A491C669-472D-49CB-A701-1519ADA5B555}"
EndProject
Project("{FAE04EC0-301F-11D3-BF4B-00C04F79EFBC}") = "Redux", "Redux\Redux.csproj", "{1A0776DB-F970-4ACF-95A2-41F07D6CF9B4}"
EndProject
Project("{2150E333-8FDC-42A3-9474-1A3956D46DE8}") = "Libs", "Libs", "{FEE0CA8D-0BEE-44C9-83BB-BD2598CCBF30}"
EndProject
Global
	GlobalSection(SolutionConfigurationPlatforms) = preSolution
		Debug|Any CPU = Debug|Any CPU
		Release|Any CPU = Release|Any CPU
	EndGlobalSection
	GlobalSection(ProjectConfigurationPlatforms) = postSolution
		{A491C669-472D-49CB-A701-1519ADA5B555}.Debug|Any CPU.ActiveCfg = Debug|Any CPU
		{A491C669-472D-49CB-A701-1519ADA5B555}.Debug|Any CPU.Build.0 = Debug|Any CPU
		{A491C669-472D-49CB-A701-1519ADA5B555}.Release|Any CPU.ActiveCfg = Release|Any CPU
		{A491C669-472D-49CB-A701-1519ADA5B555}.Release|Any CPU.Build.0 = Release|Any CPU
		{1A0776DB-F970-4ACF-95A2-41F07D6CF9B4}.Debug|Any CPU.ActiveCfg = Debug|Any CPU
		{1A0776DB-F970-4ACF-95A2-41F07D6CF9B4}.Debug|Any CPU.Build.0 = Debug|Any CPU
		{1A0776DB-F970-4ACF-95A2-41F07D6CF9B4}.Release|Any CPU.ActiveCfg = Release|Any CPU
		{1A0776DB-F970-4ACF-95A2-41F07D6CF9B4}.Release|Any CPU.Build.0 = Release|Any CPU
	EndGlobalSection
	GlobalSection(SolutionProperties) = preSolution
		HideSolutionNode = FALSE
	EndGlobalSection
	GlobalSection(NestedProjects) = preSolution
		{1A0776DB-F970-4ACF-95A2-41F07D6CF9B4} = {FEE0CA8D-0BEE-44C9-83BB-BD2598CCBF30}
	EndGlobalSection
	GlobalSection(ExtensibilityGlobals) = postSolution
		SolutionGuid = {E07AC7EE-0D6B-471C-BBC6-10C1D5466052}
	EndGlobalSection
EndGlobal
